
Microsoft Visual Studio Solution File, Format Version 12.00
# Visual Studio Version 17
VisualStudioVersion = 17.4.33205.214
MinimumVisualStudioVersion = 10.0.40219.1
Project("{FAE04EC0-301F-11D3-BF4B-00C04F79EFBC}") = "LeetCode3", "LeetCode3\LeetCode3.csproj", "{F96B04C7-BA75-44D9-9CE0-9DAAEC16DBED}"
EndProject
Global
	GlobalSection(SolutionConfigurationPlatforms) = preSolution
		Debug|Any CPU = Debug|Any CPU
		Release|Any CPU = Release|Any CPU
	EndGlobalSection
	GlobalSection(ProjectConfigurationPlatforms) = postSolution
		{F96B04C7-BA75-44D9-9CE0-9DAAEC16DBED}.Debug|Any CPU.ActiveCfg = Debug|Any CPU
		{F96B04C7-BA75-44D9-9CE0-9DAAEC16DBED}.Debug|Any CPU.Build.0 = Debug|Any CPU
		{F96B04C7-BA75-44D9-9CE0-9DAAEC16DBED}.Release|Any CPU.ActiveCfg = Release|Any CPU
		{F96B04C7-BA75-44D9-9CE0-9DAAEC16DBED}.Release|Any CPU.Build.0 = Release|Any CPU
	EndGlobalSection
	GlobalSection(SolutionProperties) = preSolution
		HideSolutionNode = FALSE
	EndGlobalSection
	GlobalSection(ExtensibilityGlobals) = postSolution
		SolutionGuid = {35EAC1CE-1C8D-4F04-8177-C1990DB00663}
	EndGlobalSection
EndGlobal
